
Microsoft Visual Studio Solution File, Format Version 10.00
# Visual Studio 2008
Project("{FAE04EC0-301F-11D3-BF4B-00C04F79EFBC}") = "Applicable.iOS", "Applicable.iOS.csproj", "{3569A5B4-AAE3-4463-88D3-2B2FCC0AEFF5}"
EndProject
Global
	GlobalSection(SolutionConfigurationPlatforms) = preSolution
		Debug|iPhoneSimulator = Debug|iPhoneSimulator
		Release|iPhoneSimulator = Release|iPhoneSimulator
		Debug|iPhone = Debug|iPhone
		Release|iPhone = Release|iPhone
	EndGlobalSection
	GlobalSection(ProjectConfigurationPlatforms) = postSolution
		{3569A5B4-AAE3-4463-88D3-2B2FCC0AEFF5}.Debug|iPhone.ActiveCfg = Debug|iPhone
		{3569A5B4-AAE3-4463-88D3-2B2FCC0AEFF5}.Debug|iPhone.Build.0 = Debug|iPhone
		{3569A5B4-AAE3-4463-88D3-2B2FCC0AEFF5}.Debug|iPhoneSimulator.ActiveCfg = Debug|iPhoneSimulator
		{3569A5B4-AAE3-4463-88D3-2B2FCC0AEFF5}.Debug|iPhoneSimulator.Build.0 = Debug|iPhoneSimulator
		{3569A5B4-AAE3-4463-88D3-2B2FCC0AEFF5}.Release|iPhone.ActiveCfg = Release|iPhone
		{3569A5B4-AAE3-4463-88D3-2B2FCC0AEFF5}.Release|iPhone.Build.0 = Release|iPhone
		{3569A5B4-AAE3-4463-88D3-2B2FCC0AEFF5}.Release|iPhoneSimulator.ActiveCfg = Release|iPhoneSimulator
		{3569A5B4-AAE3-4463-88D3-2B2FCC0AEFF5}.Release|iPhoneSimulator.Build.0 = Release|iPhoneSimulator
	EndGlobalSection
	GlobalSection(MonoDevelopProperties) = preSolution
		StartupItem = Applicable.iOS.csproj
	EndGlobalSection
EndGlobal
